
Microsoft Visual Studio Solution File, Format Version 12.00
# Visual Studio Version 17
VisualStudioVersion = 17.3.32825.248
MinimumVisualStudioVersion = 10.0.40219.1
Project("{FAE04EC0-301F-11D3-BF4B-00C04F79EFBC}") = "Eumerable", "Eumerable\Eumerable.csproj", "{E8763EF4-6A7F-4785-8FF8-839B1952063F}"
EndProject
Global
	GlobalSection(SolutionConfigurationPlatforms) = preSolution
		Debug|Any CPU = Debug|Any CPU
		Release|Any CPU = Release|Any CPU
	EndGlobalSection
	GlobalSection(ProjectConfigurationPlatforms) = postSolution
		{E8763EF4-6A7F-4785-8FF8-839B1952063F}.Debug|Any CPU.ActiveCfg = Debug|Any CPU
		{E8763EF4-6A7F-4785-8FF8-839B1952063F}.Debug|Any CPU.Build.0 = Debug|Any CPU
		{E8763EF4-6A7F-4785-8FF8-839B1952063F}.Release|Any CPU.ActiveCfg = Release|Any CPU
		{E8763EF4-6A7F-4785-8FF8-839B1952063F}.Release|Any CPU.Build.0 = Release|Any CPU
	EndGlobalSection
	GlobalSection(SolutionProperties) = preSolution
		HideSolutionNode = FALSE
	EndGlobalSection
	GlobalSection(ExtensibilityGlobals) = postSolution
		SolutionGuid = {D70EC467-F1B1-4C77-BF70-0AE227EFDF48}
	EndGlobalSection
EndGlobal
